
Microsoft Visual Studio Solution File, Format Version 12.00
# Visual Studio 2013
VisualStudioVersion = 12.0.21005.1
MinimumVisualStudioVersion = 10.0.40219.1
Project("{FAE04EC0-301F-11D3-BF4B-00C04F79EFBC}") = "Olimpic 2", "Olimpic 2\Olimpic 2.csproj", "{00DBFF0D-8682-46A0-89EB-8F48D9024887}"
EndProject
Global
	GlobalSection(SolutionConfigurationPlatforms) = preSolution
		Debug|Any CPU = Debug|Any CPU
		Release|Any CPU = Release|Any CPU
	EndGlobalSection
	GlobalSection(ProjectConfigurationPlatforms) = postSolution
		{00DBFF0D-8682-46A0-89EB-8F48D9024887}.Debug|Any CPU.ActiveCfg = Debug|Any CPU
		{00DBFF0D-8682-46A0-89EB-8F48D9024887}.Debug|Any CPU.Build.0 = Debug|Any CPU
		{00DBFF0D-8682-46A0-89EB-8F48D9024887}.Release|Any CPU.ActiveCfg = Release|Any CPU
		{00DBFF0D-8682-46A0-89EB-8F48D9024887}.Release|Any CPU.Build.0 = Release|Any CPU
	EndGlobalSection
	GlobalSection(SolutionProperties) = preSolution
		HideSolutionNode = FALSE
	EndGlobalSection
EndGlobal
